{
  "name": "GaiaPlatform",
  "lockfileVersion": 3,
  "requires": true,
  "packages": {
    "": {
      "dependencies": {
        "aos": "^2.3.4",
        "leaflet-spin": "^1.1.2",
        "leaflet.smooth_marker_bouncing": "^3.0.2"
      }
    },
    "node_modules/aos": {
      "version": "2.3.4",
      "resolved": "https://registry.npmjs.org/aos/-/aos-2.3.4.tgz",
      "integrity": "sha512-zh/ahtR2yME4I51z8IttIt4lC1Nw0ktsFtmeDzID1m9naJnWXhCoARaCgNOGXb5CLy3zm+wqmRAEgMYB5E2HUw==",
      "dependencies": {
        "classlist-polyfill": "^1.0.3",
        "lodash.debounce": "^4.0.6",
        "lodash.throttle": "^4.0.1"
      }
    },
    "node_modules/classlist-polyfill": {
      "version": "1.2.0",
      "resolved": "https://registry.npmjs.org/classlist-polyfill/-/classlist-polyfill-1.2.0.tgz",
      "integrity": "sha512-GzIjNdcEtH4ieA2S8NmrSxv7DfEV5fmixQeyTmqmRmRJPGpRBaSnA2a0VrCjyT8iW8JjEdMbKzDotAJf+ajgaQ=="
    },
    "node_modules/leaflet": {
      "version": "1.9.3",
      "resolved": "https://registry.npmjs.org/leaflet/-/leaflet-1.9.3.tgz",
      "integrity": "sha512-iB2cR9vAkDOu5l3HAay2obcUHZ7xwUBBjph8+PGtmW/2lYhbLizWtG7nTeYht36WfOslixQF9D/uSIzhZgGMfQ==",
      "peer": true
    },
    "node_modules/leaflet-spin": {
      "version": "1.1.2",
      "resolved": "https://registry.npmjs.org/leaflet-spin/-/leaflet-spin-1.1.2.tgz",
      "integrity": "sha512-OLpeDrrAv1YY8NVSnOP0YfICFFm+IFauL77erXH87ZiTIXl3aPwUJXOd336DrQCe4aFsY+F3oG/1+aXyjqKV2w==",
      "dependencies": {
        "spin.js": "^2.3.1"
      },
      "peerDependencies": {
        "leaflet": "<=1"
      }
    },
    "node_modules/leaflet.smooth_marker_bouncing": {
      "version": "3.0.2",
      "resolved": "https://registry.npmjs.org/leaflet.smooth_marker_bouncing/-/leaflet.smooth_marker_bouncing-3.0.2.tgz",
      "integrity": "sha512-KquVYjBn++9zwuooFQ5P4BTTlryUZcJQ+vnvM4qf0gjlE1cxzSts1NHC9PREf7qlRdWBGsa6n5hav+1Monnelw=="
    },
    "node_modules/lodash.debounce": {
      "version": "4.0.8",
      "resolved": "https://registry.npmjs.org/lodash.debounce/-/lodash.debounce-4.0.8.tgz",
      "integrity": "sha512-FT1yDzDYEoYWhnSGnpE/4Kj1fLZkDFyqRb7fNt6FdYOSxlUWAtp42Eh6Wb0rGIv/m9Bgo7x4GhQbm5Ys4SG5ow=="
    },
    "node_modules/lodash.throttle": {
      "version": "4.1.1",
      "resolved": "https://registry.npmjs.org/lodash.throttle/-/lodash.throttle-4.1.1.tgz",
      "integrity": "sha512-wIkUCfVKpVsWo3JSZlc+8MB5it+2AN5W8J7YVMST30UrvcQNZ1Okbj+rbVniijTWE6FGYy4XJq/rHkas8qJMLQ=="
    },
    "node_modules/spin.js": {
      "version": "2.3.2",
      "resolved": "https://registry.npmjs.org/spin.js/-/spin.js-2.3.2.tgz",
      "integrity": "sha512-ryhCvKCRa6J5Fxa7Y+fnhE2a+e05JwfW5dxO82zPd0uDM9o+qp8p74BJUurjiqCqmDsWNvGOAxfqdD317XIedg=="
    }
  }
}
